
Microsoft Visual Studio Solution File, Format Version 12.00
# Visual Studio Version 17
VisualStudioVersion = 17.0.31903.59
MinimumVisualStudioVersion = 10.0.40219.1
Project("{2150E333-8FDC-42A3-9474-1A3956D46DE8}") = "src", "src", "{827E0CD3-B72D-47B6-A68D-7590B98EB39B}"
EndProject
Project("{FAE04EC0-301F-11D3-BF4B-00C04F79EFBC}") = "Identity.API", "src\Identity.API\Identity.API.csproj", "{260B277B-186E-4842-A4B3-B90286888538}"
EndProject
Project("{2150E333-8FDC-42A3-9474-1A3956D46DE8}") = "Services", "Services", "{984BB9B3-3FA3-BE33-9484-CAC21695A33C}"
EndProject
Project("{FAE04EC0-301F-11D3-BF4B-00C04F79EFBC}") = "Identity.API", "src\Services\Identity.API\Identity.API.csproj", "{56685215-7683-4FC9-8545-F36BC7D97AF5}"
EndProject
Project("{2150E333-8FDC-42A3-9474-1A3956D46DE8}") = "Modules", "Modules", "{EC447DCF-ABFA-6E24-52A5-D7FD48A5C558}"
EndProject
Project("{FAE04EC0-301F-11D3-BF4B-00C04F79EFBC}") = "Identity.Application", "src\Modules\Identity.Application\Identity.Application.csproj", "{8C03850D-77A6-485D-92B8-3A7423EBBC18}"
EndProject
Project("{FAE04EC0-301F-11D3-BF4B-00C04F79EFBC}") = "Identity.Domain", "src\Modules\Identity.Domain\Identity.Domain.csproj", "{7A5D6DA9-613F-4A3D-81C3-DEDD5477ADD9}"
EndProject
Project("{FAE04EC0-301F-11D3-BF4B-00C04F79EFBC}") = "Identity.Repository", "src\Modules\Identity.Repository\Identity.Repository.csproj", "{399338FE-EF4A-4237-8F6D-DE92A7C1A1AD}"
EndProject
Project("{FAE04EC0-301F-11D3-BF4B-00C04F79EFBC}") = "Identity.Infrastructure.IoC", "src\Modules\Identity.Infrastructure.IoC\Identity.Infrastructure.IoC.csproj", "{0E78C4C5-B512-4B88-8FB3-E75CD90476EC}"
EndProject
Project("{FAE04EC0-301F-11D3-BF4B-00C04F79EFBC}") = "Identity.Infrastructure.Repositories", "src\Modules\Identity.Infrastructure.Repositories\Identity.Infrastructure.Repositories.csproj", "{6D33E7F0-71B0-4F1C-9616-3395889BC473}"
EndProject
Global
	GlobalSection(SolutionConfigurationPlatforms) = preSolution
		Debug|Any CPU = Debug|Any CPU
		Debug|x64 = Debug|x64
		Debug|x86 = Debug|x86
		Release|Any CPU = Release|Any CPU
		Release|x64 = Release|x64
		Release|x86 = Release|x86
	EndGlobalSection
	GlobalSection(ProjectConfigurationPlatforms) = postSolution
		{260B277B-186E-4842-A4B3-B90286888538}.Debug|Any CPU.ActiveCfg = Debug|Any CPU
		{260B277B-186E-4842-A4B3-B90286888538}.Debug|Any CPU.Build.0 = Debug|Any CPU
		{260B277B-186E-4842-A4B3-B90286888538}.Debug|x64.ActiveCfg = Debug|Any CPU
		{260B277B-186E-4842-A4B3-B90286888538}.Debug|x64.Build.0 = Debug|Any CPU
		{260B277B-186E-4842-A4B3-B90286888538}.Debug|x86.ActiveCfg = Debug|Any CPU
		{260B277B-186E-4842-A4B3-B90286888538}.Debug|x86.Build.0 = Debug|Any CPU
		{260B277B-186E-4842-A4B3-B90286888538}.Release|Any CPU.ActiveCfg = Release|Any CPU
		{260B277B-186E-4842-A4B3-B90286888538}.Release|Any CPU.Build.0 = Release|Any CPU
		{260B277B-186E-4842-A4B3-B90286888538}.Release|x64.ActiveCfg = Release|Any CPU
		{260B277B-186E-4842-A4B3-B90286888538}.Release|x64.Build.0 = Release|Any CPU
		{260B277B-186E-4842-A4B3-B90286888538}.Release|x86.ActiveCfg = Release|Any CPU
		{260B277B-186E-4842-A4B3-B90286888538}.Release|x86.Build.0 = Release|Any CPU
		{56685215-7683-4FC9-8545-F36BC7D97AF5}.Debug|Any CPU.ActiveCfg = Debug|Any CPU
		{56685215-7683-4FC9-8545-F36BC7D97AF5}.Debug|Any CPU.Build.0 = Debug|Any CPU
		{56685215-7683-4FC9-8545-F36BC7D97AF5}.Debug|x64.ActiveCfg = Debug|Any CPU
		{56685215-7683-4FC9-8545-F36BC7D97AF5}.Debug|x64.Build.0 = Debug|Any CPU
		{56685215-7683-4FC9-8545-F36BC7D97AF5}.Debug|x86.ActiveCfg = Debug|Any CPU
		{56685215-7683-4FC9-8545-F36BC7D97AF5}.Debug|x86.Build.0 = Debug|Any CPU
		{56685215-7683-4FC9-8545-F36BC7D97AF5}.Release|Any CPU.ActiveCfg = Release|Any CPU
		{56685215-7683-4FC9-8545-F36BC7D97AF5}.Release|Any CPU.Build.0 = Release|Any CPU
		{56685215-7683-4FC9-8545-F36BC7D97AF5}.Release|x64.ActiveCfg = Release|Any CPU
		{56685215-7683-4FC9-8545-F36BC7D97AF5}.Release|x64.Build.0 = Release|Any CPU
		{56685215-7683-4FC9-8545-F36BC7D97AF5}.Release|x86.ActiveCfg = Release|Any CPU
		{56685215-7683-4FC9-8545-F36BC7D97AF5}.Release|x86.Build.0 = Release|Any CPU
		{8C03850D-77A6-485D-92B8-3A7423EBBC18}.Debug|Any CPU.ActiveCfg = Debug|Any CPU
		{8C03850D-77A6-485D-92B8-3A7423EBBC18}.Debug|Any CPU.Build.0 = Debug|Any CPU
		{8C03850D-77A6-485D-92B8-3A7423EBBC18}.Debug|x64.ActiveCfg = Debug|Any CPU
		{8C03850D-77A6-485D-92B8-3A7423EBBC18}.Debug|x64.Build.0 = Debug|Any CPU
		{8C03850D-77A6-485D-92B8-3A7423EBBC18}.Debug|x86.ActiveCfg = Debug|Any CPU
		{8C03850D-77A6-485D-92B8-3A7423EBBC18}.Debug|x86.Build.0 = Debug|Any CPU
		{8C03850D-77A6-485D-92B8-3A7423EBBC18}.Release|Any CPU.ActiveCfg = Release|Any CPU
		{8C03850D-77A6-485D-92B8-3A7423EBBC18}.Release|Any CPU.Build.0 = Release|Any CPU
		{8C03850D-77A6-485D-92B8-3A7423EBBC18}.Release|x64.ActiveCfg = Release|Any CPU
		{8C03850D-77A6-485D-92B8-3A7423EBBC18}.Release|x64.Build.0 = Release|Any CPU
		{8C03850D-77A6-485D-92B8-3A7423EBBC18}.Release|x86.ActiveCfg = Release|Any CPU
		{8C03850D-77A6-485D-92B8-3A7423EBBC18}.Release|x86.Build.0 = Release|Any CPU
		{7A5D6DA9-613F-4A3D-81C3-DEDD5477ADD9}.Debug|Any CPU.ActiveCfg = Debug|Any CPU
		{7A5D6DA9-613F-4A3D-81C3-DEDD5477ADD9}.Debug|Any CPU.Build.0 = Debug|Any CPU
		{7A5D6DA9-613F-4A3D-81C3-DEDD5477ADD9}.Debug|x64.ActiveCfg = Debug|Any CPU
		{7A5D6DA9-613F-4A3D-81C3-DEDD5477ADD9}.Debug|x64.Build.0 = Debug|Any CPU
		{7A5D6DA9-613F-4A3D-81C3-DEDD5477ADD9}.Debug|x86.ActiveCfg = Debug|Any CPU
		{7A5D6DA9-613F-4A3D-81C3-DEDD5477ADD9}.Debug|x86.Build.0 = Debug|Any CPU
		{7A5D6DA9-613F-4A3D-81C3-DEDD5477ADD9}.Release|Any CPU.ActiveCfg = Release|Any CPU
		{7A5D6DA9-613F-4A3D-81C3-DEDD5477ADD9}.Release|Any CPU.Build.0 = Release|Any CPU
		{7A5D6DA9-613F-4A3D-81C3-DEDD5477ADD9}.Release|x64.ActiveCfg = Release|Any CPU
		{7A5D6DA9-613F-4A3D-81C3-DEDD5477ADD9}.Release|x64.Build.0 = Release|Any CPU
		{7A5D6DA9-613F-4A3D-81C3-DEDD5477ADD9}.Release|x86.ActiveCfg = Release|Any CPU
		{7A5D6DA9-613F-4A3D-81C3-DEDD5477ADD9}.Release|x86.Build.0 = Release|Any CPU
		{399338FE-EF4A-4237-8F6D-DE92A7C1A1AD}.Debug|Any CPU.ActiveCfg = Debug|Any CPU
		{399338FE-EF4A-4237-8F6D-DE92A7C1A1AD}.Debug|Any CPU.Build.0 = Debug|Any CPU
		{399338FE-EF4A-4237-8F6D-DE92A7C1A1AD}.Debug|x64.ActiveCfg = Debug|Any CPU
		{399338FE-EF4A-4237-8F6D-DE92A7C1A1AD}.Debug|x64.Build.0 = Debug|Any CPU
		{399338FE-EF4A-4237-8F6D-DE92A7C1A1AD}.Debug|x86.ActiveCfg = Debug|Any CPU
		{399338FE-EF4A-4237-8F6D-DE92A7C1A1AD}.Debug|x86.Build.0 = Debug|Any CPU
		{399338FE-EF4A-4237-8F6D-DE92A7C1A1AD}.Release|Any CPU.ActiveCfg = Release|Any CPU
		{399338FE-EF4A-4237-8F6D-DE92A7C1A1AD}.Release|Any CPU.Build.0 = Release|Any CPU
		{399338FE-EF4A-4237-8F6D-DE92A7C1A1AD}.Release|x64.ActiveCfg = Release|Any CPU
		{399338FE-EF4A-4237-8F6D-DE92A7C1A1AD}.Release|x64.Build.0 = Release|Any CPU
		{399338FE-EF4A-4237-8F6D-DE92A7C1A1AD}.Release|x86.ActiveCfg = Release|Any CPU
		{399338FE-EF4A-4237-8F6D-DE92A7C1A1AD}.Release|x86.Build.0 = Release|Any CPU
		{0E78C4C5-B512-4B88-8FB3-E75CD90476EC}.Debug|Any CPU.ActiveCfg = Debug|Any CPU
		{0E78C4C5-B512-4B88-8FB3-E75CD90476EC}.Debug|Any CPU.Build.0 = Debug|Any CPU
		{0E78C4C5-B512-4B88-8FB3-E75CD90476EC}.Debug|x64.ActiveCfg = Debug|Any CPU
		{0E78C4C5-B512-4B88-8FB3-E75CD90476EC}.Debug|x64.Build.0 = Debug|Any CPU
		{0E78C4C5-B512-4B88-8FB3-E75CD90476EC}.Debug|x86.ActiveCfg = Debug|Any CPU
		{0E78C4C5-B512-4B88-8FB3-E75CD90476EC}.Debug|x86.Build.0 = Debug|Any CPU
		{0E78C4C5-B512-4B88-8FB3-E75CD90476EC}.Release|Any CPU.ActiveCfg = Release|Any CPU
		{0E78C4C5-B512-4B88-8FB3-E75CD90476EC}.Release|Any CPU.Build.0 = Release|Any CPU
		{0E78C4C5-B512-4B88-8FB3-E75CD90476EC}.Release|x64.ActiveCfg = Release|Any CPU
		{0E78C4C5-B512-4B88-8FB3-E75CD90476EC}.Release|x64.Build.0 = Release|Any CPU
		{0E78C4C5-B512-4B88-8FB3-E75CD90476EC}.Release|x86.ActiveCfg = Release|Any CPU
		{0E78C4C5-B512-4B88-8FB3-E75CD90476EC}.Release|x86.Build.0 = Release|Any CPU
		{6D33E7F0-71B0-4F1C-9616-3395889BC473}.Debug|Any CPU.ActiveCfg = Debug|Any CPU
		{6D33E7F0-71B0-4F1C-9616-3395889BC473}.Debug|Any CPU.Build.0 = Debug|Any CPU
		{6D33E7F0-71B0-4F1C-9616-3395889BC473}.Debug|x64.ActiveCfg = Debug|Any CPU
		{6D33E7F0-71B0-4F1C-9616-3395889BC473}.Debug|x64.Build.0 = Debug|Any CPU
		{6D33E7F0-71B0-4F1C-9616-3395889BC473}.Debug|x86.ActiveCfg = Debug|Any CPU
		{6D33E7F0-71B0-4F1C-9616-3395889BC473}.Debug|x86.Build.0 = Debug|Any CPU
		{6D33E7F0-71B0-4F1C-9616-3395889BC473}.Release|Any CPU.ActiveCfg = Release|Any CPU
		{6D33E7F0-71B0-4F1C-9616-3395889BC473}.Release|Any CPU.Build.0 = Release|Any CPU
		{6D33E7F0-71B0-4F1C-9616-3395889BC473}.Release|x64.ActiveCfg = Release|Any CPU
		{6D33E7F0-71B0-4F1C-9616-3395889BC473}.Release|x64.Build.0 = Release|Any CPU
		{6D33E7F0-71B0-4F1C-9616-3395889BC473}.Release|x86.ActiveCfg = Release|Any CPU
		{6D33E7F0-71B0-4F1C-9616-3395889BC473}.Release|x86.Build.0 = Release|Any CPU
	EndGlobalSection
	GlobalSection(SolutionProperties) = preSolution
		HideSolutionNode = FALSE
	EndGlobalSection
	GlobalSection(NestedProjects) = preSolution
		{260B277B-186E-4842-A4B3-B90286888538} = {827E0CD3-B72D-47B6-A68D-7590B98EB39B}
		{984BB9B3-3FA3-BE33-9484-CAC21695A33C} = {827E0CD3-B72D-47B6-A68D-7590B98EB39B}
		{56685215-7683-4FC9-8545-F36BC7D97AF5} = {984BB9B3-3FA3-BE33-9484-CAC21695A33C}
		{EC447DCF-ABFA-6E24-52A5-D7FD48A5C558} = {827E0CD3-B72D-47B6-A68D-7590B98EB39B}
		{8C03850D-77A6-485D-92B8-3A7423EBBC18} = {EC447DCF-ABFA-6E24-52A5-D7FD48A5C558}
		{7A5D6DA9-613F-4A3D-81C3-DEDD5477ADD9} = {EC447DCF-ABFA-6E24-52A5-D7FD48A5C558}
		{399338FE-EF4A-4237-8F6D-DE92A7C1A1AD} = {EC447DCF-ABFA-6E24-52A5-D7FD48A5C558}
		{0E78C4C5-B512-4B88-8FB3-E75CD90476EC} = {EC447DCF-ABFA-6E24-52A5-D7FD48A5C558}
		{6D33E7F0-71B0-4F1C-9616-3395889BC473} = {EC447DCF-ABFA-6E24-52A5-D7FD48A5C558}
	EndGlobalSection
EndGlobal
